
Microsoft Visual Studio Solution File, Format Version 12.00
# Visual Studio 2013
VisualStudioVersion = 12.0.0.0
MinimumVisualStudioVersion = 10.0.0.1
Project("{FAE04EC0-301F-11D3-BF4B-00C04F79EFBC}") = "Librafka", "Librafka/Librafka.csproj", "{8F1A72CD-FB99-424E-9C24-CF76F0DBF027}"
EndProject
Project("{FAE04EC0-301F-11D3-BF4B-00C04F79EFBC}") = "LibrafkaTester", "LibrafkaTester\LibrafkaTester.csproj", "{F63DCD06-B109-4678-8582-1B0E0B359A77}"
EndProject
Global
	GlobalSection(SolutionConfigurationPlatforms) = preSolution
		Debug|Any CPU = Debug|Any CPU
		Release|Any CPU = Release|Any CPU
	EndGlobalSection
	GlobalSection(ProjectConfigurationPlatforms) = postSolution
		{8F1A72CD-FB99-424E-9C24-CF76F0DBF027}.Debug|Any CPU.ActiveCfg = Debug|Any CPU
		{8F1A72CD-FB99-424E-9C24-CF76F0DBF027}.Debug|Any CPU.Build.0 = Debug|Any CPU
		{8F1A72CD-FB99-424E-9C24-CF76F0DBF027}.Release|Any CPU.ActiveCfg = Release|Any CPU
		{8F1A72CD-FB99-424E-9C24-CF76F0DBF027}.Release|Any CPU.Build.0 = Release|Any CPU
		{F63DCD06-B109-4678-8582-1B0E0B359A77}.Debug|Any CPU.ActiveCfg = Debug|Any CPU
		{F63DCD06-B109-4678-8582-1B0E0B359A77}.Debug|Any CPU.Build.0 = Debug|Any CPU
		{F63DCD06-B109-4678-8582-1B0E0B359A77}.Release|Any CPU.ActiveCfg = Release|Any CPU
		{F63DCD06-B109-4678-8582-1B0E0B359A77}.Release|Any CPU.Build.0 = Release|Any CPU
	EndGlobalSection
	GlobalSection(SolutionProperties) = preSolution
		HideSolutionNode = FALSE
	EndGlobalSection
EndGlobal
